github.com/Microsoft/go-winio v0.4.12 h1:xAfWHN1IrQ0NJ9TBC0KBZoqLjzDTr1ML+4MywiUOryc=
github.com/Microsoft/go-winio v0.4.12/go.mod h1:VhR8bwka0BXejwEJY73c50VrPtXAaKcyvVC4A4RozmA=
github.com/Sirupsen/logrus v1.0.1-0.20170630005420-7dd06bf38e1e h1:+Ea/O3a1agit+a8B9SjvHb/vn6vLiglBNsLjNyqDAUA=
github.com/Sirupsen/logrus v1.0.1-0.20170630005420-7dd06bf38e1e/go.mod h1:rmk17hk6i8ZSAJkSDa7nOxamrG+SP4P0mm+DAvExv4U=
github.com/docker/distribution v2.6.0-rc.1.0.20170726174610-edc3ab29cdff+incompatible h1:357nGVUC8gSpeSc2Axup8HfrfTLLUfWfCsCUhiQSKIg=
github.com/docker/distribution v2.6.0-rc.1.0.20170726174610-edc3ab29cdff+incompatible/go.mod h1:J2gT2udsDAN96Uj4KfcMRqY0/ypR+oyYUYmja8H+y+w=
github.com/docker/docker v1.4.2-0.20171014114940-f2afa2623594 h1:RRImSkCnVU1dCcRQ+fZeMWWN0M+rkLNpEnyJDG2krs0=
github.com/docker/docker v1.4.2-0.20171014114940-f2afa2623594/go.mod h1:eEKB0N0r5NX/I1kEveEz05bcu8tLC/8azJZsviup8Sk=
github.com/docker/go-connections v0.3.0 h1:3lOnM9cSzgGwx8VfK/NGOW5fLQ0GjIlCkaktF+n1M6o=
github.com/docker/go-connections v0.3.0/go.mod h1:Gbd7IOopHjR8Iph03tsViu4nIes5XhDvyHbTtUxmeec=
github.com/docker/go-units v0.3.2-0.20170127094116-9e638d38cf69 h1:3gHxVBtMia6edO3sLy+YVspei/FwXJBHezOirwg0mgc=
github.com/docker/go-units v0.3.2-0.20170127094116-9e638d38cf69/go.mod h1:fgPhTUdO+D/Jk86RDLlptpiXQzgHJF7gydDDbaIK4Dk=
github.com/elastic/go-ucfg v0.5.1 h1:4T6fa9MbVgqsDzF1RakGarOLKMPjyYqT098g/jrAIi0=
github.com/elastic/go-ucfg v0.5.1/go.mod h1:iaiY0NBIYeasNgycLyTvhJftQlQEUO2hpF+FX0JKxzo=
github.com/gogo/protobuf v0.0.0-20170307180453-100ba4e88506 h1:zDlw+wgyXdfkRuvFCdEDUiPLmZp2cvf/dWHazY0a5VM=
github.com/gogo/protobuf v0.0.0-20170307180453-100ba4e88506/go.mod h1:r8qH/GZQm5c6nD/R0oafs1akxWv10x8SbQlK7atdtwQ=
github.com/opencontainers/go-digest v0.0.0-20170106003457-a6d0ee40d420 h1:Yu3681ykYHDfLoI6XVjL4JWmkE+3TX9yfIWwRCh1kFM=
github.com/opencontainers/go-digest v0.0.0-20170106003457-a6d0ee40d420/go.mod h1:cMLVZDEM3+U2I4VmLI6N8jQYUd2OVphdqWwCJHrFt2s=
github.com/opencontainers/image-spec v1.0.0-rc6.0.20170604055404-372ad780f634 h1:XtqnM27uh9C9wpnBaUKQNCPxjQj8fOhOiTQreFMStnw=
github.com/opencontainers/image-spec v1.0.0-rc6.0.20170604055404-372ad780f634/go.mod h1:BtxoFyWECRxE4U/7sNtV5W15zMzWCbyJoFRP3s7yZA0=
github.com/pkg/errors v0.8.1-0.20161002052512-839d9e913e06 h1:swlfMC08lNw0gC4UR7Xz9id7JZ3K+I1oEehKgRL399U=
github.com/pkg/errors v0.8.1-0.20161002052512-839d9e913e06/go.mod h1:bwawxfHBFNV+L2hUp1rHADufV3IMtnDRdf1r5NINEl0=
github.com/satori/go.uuid v1.0.0 h1:6QDKTa2a+CpXmqIFypEOKZUreVG3iCcrb8vbCkHTDsY=
github.com/satori/go.uuid v1.0.0/go.mod h1:dA0hQrYB0VpLJoorglMZABFdXlWrHn1NEOzdhQKdks0=
golang.org/x/net v0.0.0-20170726083632-f5079bd7f6f7 h1:1Pw+ZX4dmGORIwGkTwnUr7RFuMhfpCYHXRZNF04XPYs=
golang.org/x/net v0.0.0-20170726083632-f5079bd7f6f7/go.mod h1:mL1N/T3taQHkDXs73rZJwtUhF3w3ftmwwsq0BUmARs4=
golang.org/x/sys v0.0.0-20171121202757-82aafbf43bf8 h1:SdO6BXbhDSVErwri+Mz+xveYAAop+4tKtCQmxmsHuOY=
golang.org/x/sys v0.0.0-20171121202757-82aafbf43bf8/go.mod h1:STP8DvDyc/dI5b8T5hshtkjS+E42TnysNCUPdjciGhY=
gopkg.in/check.v1 v1.0.0-20161208181325-20d25e280405 h1:829vOVxxusYHC+IqBtkX5mbKtsY9fheQiQn0MZRVLfQ=
gopkg.in/check.v1 v1.0.0-20161208181325-20d25e280405/go.mod h1:Co6ibVJAznAaIkqp8huTwlJQCZ016jof/cbN4VW5Yz0=
gopkg.in/yaml.v2 v2.0.0-20180108131554-1244d3ce02e3 h1:AvhLfuYC9WaQFd0VTddg+tvjEcSy6/zAxUda5J/U68o=
gopkg.in/yaml.v2 v2.0.0-20180108131554-1244d3ce02e3/go.mod h1:JAlM8MvJe8wmxCU4Bli9HhUf9+ttbYbLASfIpnQbh74=
